
Microsoft Visual Studio Solution File, Format Version 12.00
# Visual Studio Version 17
VisualStudioVersion = 17.3.32922.545
MinimumVisualStudioVersion = 10.0.40219.1
Project("{FAE04EC0-301F-11D3-BF4B-00C04F79EFBC}") = "Host", "Host\Host.csproj", "{91EA62DA-FB0D-45C8-8BAD-7CAA9916752C}"
EndProject
Project("{FAE04EC0-301F-11D3-BF4B-00C04F79EFBC}") = "ShapeSquareCalculator", "Models\ShapeSquareCalculator.csproj", "{7077DB7A-F4ED-44F4-AB05-3DD3C710B61B}"
EndProject
Project("{FAE04EC0-301F-11D3-BF4B-00C04F79EFBC}") = "Exceptions", "Exceptions\Exceptions.csproj", "{1E9DAFF1-D85F-4C5E-93F8-C4E99F36CD3A}"
EndProject
Project("{FAE04EC0-301F-11D3-BF4B-00C04F79EFBC}") = "Tests", "Tests\Tests.csproj", "{24FA203E-4BD3-401C-BD82-1EC6B22F3C5C}"
EndProject
Global
	GlobalSection(SolutionConfigurationPlatforms) = preSolution
		Debug|Any CPU = Debug|Any CPU
		Release|Any CPU = Release|Any CPU
	EndGlobalSection
	GlobalSection(ProjectConfigurationPlatforms) = postSolution
		{91EA62DA-FB0D-45C8-8BAD-7CAA9916752C}.Debug|Any CPU.ActiveCfg = Debug|Any CPU
		{91EA62DA-FB0D-45C8-8BAD-7CAA9916752C}.Debug|Any CPU.Build.0 = Debug|Any CPU
		{91EA62DA-FB0D-45C8-8BAD-7CAA9916752C}.Release|Any CPU.ActiveCfg = Release|Any CPU
		{91EA62DA-FB0D-45C8-8BAD-7CAA9916752C}.Release|Any CPU.Build.0 = Release|Any CPU
		{7077DB7A-F4ED-44F4-AB05-3DD3C710B61B}.Debug|Any CPU.ActiveCfg = Debug|Any CPU
		{7077DB7A-F4ED-44F4-AB05-3DD3C710B61B}.Debug|Any CPU.Build.0 = Debug|Any CPU
		{7077DB7A-F4ED-44F4-AB05-3DD3C710B61B}.Release|Any CPU.ActiveCfg = Release|Any CPU
		{7077DB7A-F4ED-44F4-AB05-3DD3C710B61B}.Release|Any CPU.Build.0 = Release|Any CPU
		{1E9DAFF1-D85F-4C5E-93F8-C4E99F36CD3A}.Debug|Any CPU.ActiveCfg = Debug|Any CPU
		{1E9DAFF1-D85F-4C5E-93F8-C4E99F36CD3A}.Debug|Any CPU.Build.0 = Debug|Any CPU
		{1E9DAFF1-D85F-4C5E-93F8-C4E99F36CD3A}.Release|Any CPU.ActiveCfg = Release|Any CPU
		{1E9DAFF1-D85F-4C5E-93F8-C4E99F36CD3A}.Release|Any CPU.Build.0 = Release|Any CPU
		{24FA203E-4BD3-401C-BD82-1EC6B22F3C5C}.Debug|Any CPU.ActiveCfg = Debug|Any CPU
		{24FA203E-4BD3-401C-BD82-1EC6B22F3C5C}.Debug|Any CPU.Build.0 = Debug|Any CPU
		{24FA203E-4BD3-401C-BD82-1EC6B22F3C5C}.Release|Any CPU.ActiveCfg = Release|Any CPU
		{24FA203E-4BD3-401C-BD82-1EC6B22F3C5C}.Release|Any CPU.Build.0 = Release|Any CPU
	EndGlobalSection
	GlobalSection(SolutionProperties) = preSolution
		HideSolutionNode = FALSE
	EndGlobalSection
	GlobalSection(ExtensibilityGlobals) = postSolution
		SolutionGuid = {519DD656-BC49-4E34-856B-21B70956C99A}
	EndGlobalSection
EndGlobal
